
Microsoft Visual Studio Solution File, Format Version 12.00
# Visual Studio 15
Project("{FAE04EC0-301F-11D3-BF4B-00C04F79EFBC}") = "Assembly-CSharp", "Assembly-CSharp.csproj", "{31E3A7F1-23D1-72E8-AAF1-CF8C0AFA008D}"
EndProject
Project("{FAE04EC0-301F-11D3-BF4B-00C04F79EFBC}") = "Assembly-CSharp-firstpass", "Assembly-CSharp-firstpass.csproj", "{11FA3AAB-F2CD-A480-EBF1-4DCC925DAD19}"
EndProject
Global
	GlobalSection(SolutionConfigurationPlatforms) = preSolution
		Debug|Any CPU = Debug|Any CPU
		Release|Any CPU = Release|Any CPU
	EndGlobalSection
	GlobalSection(ProjectConfigurationPlatforms) = postSolution
		{31E3A7F1-23D1-72E8-AAF1-CF8C0AFA008D}.Debug|Any CPU.ActiveCfg = Debug|Any CPU
		{31E3A7F1-23D1-72E8-AAF1-CF8C0AFA008D}.Debug|Any CPU.Build.0 = Debug|Any CPU
		{31E3A7F1-23D1-72E8-AAF1-CF8C0AFA008D}.Release|Any CPU.ActiveCfg = Release|Any CPU
		{31E3A7F1-23D1-72E8-AAF1-CF8C0AFA008D}.Release|Any CPU.Build.0 = Release|Any CPU
		{11FA3AAB-F2CD-A480-EBF1-4DCC925DAD19}.Debug|Any CPU.ActiveCfg = Debug|Any CPU
		{11FA3AAB-F2CD-A480-EBF1-4DCC925DAD19}.Debug|Any CPU.Build.0 = Debug|Any CPU
		{11FA3AAB-F2CD-A480-EBF1-4DCC925DAD19}.Release|Any CPU.ActiveCfg = Release|Any CPU
		{11FA3AAB-F2CD-A480-EBF1-4DCC925DAD19}.Release|Any CPU.Build.0 = Release|Any CPU
	EndGlobalSection
	GlobalSection(SolutionProperties) = preSolution
		HideSolutionNode = FALSE
	EndGlobalSection
EndGlobal
